
Microsoft Visual Studio Solution File, Format Version 12.00
# Visual Studio Version 17
VisualStudioVersion = 17.13.35919.96 d17.13
MinimumVisualStudioVersion = 10.0.40219.1
Project("{8BC9CEB8-8B4A-11D0-8D11-00A0C91BC942}") = "2D Paltformer", "2D Paltformer\2D Paltformer.vcxproj", "{BA7E10A2-3C37-44A3-B12E-1427B61B2625}"
EndProject
Global
	GlobalSection(SolutionConfigurationPlatforms) = preSolution
		Debug|x64 = Debug|x64
		Debug|x86 = Debug|x86
		Release|x64 = Release|x64
		Release|x86 = Release|x86
	EndGlobalSection
	GlobalSection(ProjectConfigurationPlatforms) = postSolution
		{BA7E10A2-3C37-44A3-B12E-1427B61B2625}.Debug|x64.ActiveCfg = Debug|x64
		{BA7E10A2-3C37-44A3-B12E-1427B61B2625}.Debug|x64.Build.0 = Debug|x64
		{BA7E10A2-3C37-44A3-B12E-1427B61B2625}.Debug|x86.ActiveCfg = Debug|Win32
		{BA7E10A2-3C37-44A3-B12E-1427B61B2625}.Debug|x86.Build.0 = Debug|Win32
		{BA7E10A2-3C37-44A3-B12E-1427B61B2625}.Release|x64.ActiveCfg = Release|x64
		{BA7E10A2-3C37-44A3-B12E-1427B61B2625}.Release|x64.Build.0 = Release|x64
		{BA7E10A2-3C37-44A3-B12E-1427B61B2625}.Release|x86.ActiveCfg = Release|Win32
		{BA7E10A2-3C37-44A3-B12E-1427B61B2625}.Release|x86.Build.0 = Release|Win32
	EndGlobalSection
	GlobalSection(SolutionProperties) = preSolution
		HideSolutionNode = FALSE
	EndGlobalSection
	GlobalSection(ExtensibilityGlobals) = postSolution
		SolutionGuid = {F44751D9-9961-4C27-91E8-D946A3B912F9}
	EndGlobalSection
EndGlobal
